
Microsoft Visual Studio Solution File, Format Version 12.00
# Visual Studio Version 17
VisualStudioVersion = 17.3.32811.315
MinimumVisualStudioVersion = 10.0.40219.1
Project("{FAE04EC0-301F-11D3-BF4B-00C04F79EFBC}") = "ArreglosEjemplo2023-II", "ArreglosEjemplo2023-II.csproj", "{2CD3580B-5B67-4E33-98BF-5990F7C9DE2B}"
EndProject
Global
	GlobalSection(SolutionConfigurationPlatforms) = preSolution
		Debug|Any CPU = Debug|Any CPU
		Release|Any CPU = Release|Any CPU
	EndGlobalSection
	GlobalSection(ProjectConfigurationPlatforms) = postSolution
		{2CD3580B-5B67-4E33-98BF-5990F7C9DE2B}.Debug|Any CPU.ActiveCfg = Debug|Any CPU
		{2CD3580B-5B67-4E33-98BF-5990F7C9DE2B}.Debug|Any CPU.Build.0 = Debug|Any CPU
		{2CD3580B-5B67-4E33-98BF-5990F7C9DE2B}.Release|Any CPU.ActiveCfg = Release|Any CPU
		{2CD3580B-5B67-4E33-98BF-5990F7C9DE2B}.Release|Any CPU.Build.0 = Release|Any CPU
	EndGlobalSection
	GlobalSection(SolutionProperties) = preSolution
		HideSolutionNode = FALSE
	EndGlobalSection
	GlobalSection(ExtensibilityGlobals) = postSolution
		SolutionGuid = {379191F0-3F70-45B5-9F49-DD4EE5B61389}
	EndGlobalSection
EndGlobal
